// !$*UTF8*$!
{
	archiveVersion = 1;
	classes = {
	};
	objectVersion = 55;
	objects = {

/* Begin PBXBuildFile section */
		022A3053285A50FF005847C6 /* SnapKit in Frameworks */ = {isa = PBXBuildFile; productRef = 022A3052285A50FF005847C6 /* SnapKit */; };
		022A3056285A5A96005847C6 /* Style.swift in Sources */ = {isa = PBXBuildFile; fileRef = 022A3055285A5A96005847C6 /* Style.swift */; };
		022A3059285A5AD7005847C6 /* Applicable.swift in Sources */ = {isa = PBXBuildFile; fileRef = 022A3058285A5AD7005847C6 /* Applicable.swift */; };
		022A305F285A79A9005847C6 /* BaseNavigationController.swift in Sources */ = {isa = PBXBuildFile; fileRef = 022A305E285A79A9005847C6 /* BaseNavigationController.swift */; };
		022A3062285A7B7C005847C6 /* BaseViewController.swift in Sources */ = {isa = PBXBuildFile; fileRef = 022A3061285A7B7C005847C6 /* BaseViewController.swift */; };
		022A3065285B2F0B005847C6 /* BaseControllerProtocols.swift in Sources */ = {isa = PBXBuildFile; fileRef = 022A3064285B2F0B005847C6 /* BaseControllerProtocols.swift */; };
		022A3068285B331F005847C6 /* NetworkingActivity.swift in Sources */ = {isa = PBXBuildFile; fileRef = 022A3067285B331F005847C6 /* NetworkingActivity.swift */; };
		022A306B285B334B005847C6 /* NVActivityIndicatorView in Frameworks */ = {isa = PBXBuildFile; productRef = 022A306A285B334B005847C6 /* NVActivityIndicatorView */; };
		022A306E285B360F005847C6 /* Style+Stack.swift in Sources */ = {isa = PBXBuildFile; fileRef = 022A306D285B360F005847C6 /* Style+Stack.swift */; };
		022A3070285B3739005847C6 /* NetworkingMessage.swift in Sources */ = {isa = PBXBuildFile; fileRef = 022A306F285B3739005847C6 /* NetworkingMessage.swift */; };
		022A3073285B49D2005847C6 /* RestContainer.swift in Sources */ = {isa = PBXBuildFile; fileRef = 022A3072285B49D2005847C6 /* RestContainer.swift */; };
		022A3076285B4C0D005847C6 /* NetworkRouterProtocol.swift in Sources */ = {isa = PBXBuildFile; fileRef = 022A3075285B4C0D005847C6 /* NetworkRouterProtocol.swift */; };
		022A3078285B4CCE005847C6 /* NetworkSessionProtocol.swift in Sources */ = {isa = PBXBuildFile; fileRef = 022A3077285B4CCE005847C6 /* NetworkSessionProtocol.swift */; };
		022A307A285B4D53005847C6 /* NetworkSession.swift in Sources */ = {isa = PBXBuildFile; fileRef = 022A3079285B4D53005847C6 /* NetworkSession.swift */; };
		022A307C285B4EFC005847C6 /* NetworkClient.swift in Sources */ = {isa = PBXBuildFile; fileRef = 022A307B285B4EFC005847C6 /* NetworkClient.swift */; };
		022A3086285B58B8005847C6 /* ProductsModule.swift in Sources */ = {isa = PBXBuildFile; fileRef = 022A3080285B58B8005847C6 /* ProductsModule.swift */; };
		022A3087285B58B8005847C6 /* ProductsPresenter.swift in Sources */ = {isa = PBXBuildFile; fileRef = 022A3081285B58B8005847C6 /* ProductsPresenter.swift */; };
		022A3088285B58B8005847C6 /* ProductsRouter.swift in Sources */ = {isa = PBXBuildFile; fileRef = 022A3082285B58B8005847C6 /* ProductsRouter.swift */; };
		022A3089285B58B8005847C6 /* ProductsViewController.swift in Sources */ = {isa = PBXBuildFile; fileRef = 022A3083285B58B8005847C6 /* ProductsViewController.swift */; };
		022A308A285B58B8005847C6 /* ProductsAssembly.swift in Sources */ = {isa = PBXBuildFile; fileRef = 022A3084285B58B8005847C6 /* ProductsAssembly.swift */; };
		022A308B285B58B8005847C6 /* ProductsInteractor.swift in Sources */ = {isa = PBXBuildFile; fileRef = 022A3085285B58B8005847C6 /* ProductsInteractor.swift */; };
		022A308F285B5930005847C6 /* ProductService.swift in Sources */ = {isa = PBXBuildFile; fileRef = 022A308E285B5930005847C6 /* ProductService.swift */; };
		022A3092285B59FD005847C6 /* ProductModel.swift in Sources */ = {isa = PBXBuildFile; fileRef = 022A3091285B59FD005847C6 /* ProductModel.swift */; };
		022A3094285B5B49005847C6 /* RestProductService.swift in Sources */ = {isa = PBXBuildFile; fileRef = 022A3093285B5B49005847C6 /* RestProductService.swift */; };
		022A3097285B6122005847C6 /* Localizable.swift in Sources */ = {isa = PBXBuildFile; fileRef = 022A3096285B6122005847C6 /* Localizable.swift */; };
		022A309B285B6158005847C6 /* Localize.strings in Resources */ = {isa = PBXBuildFile; fileRef = 022A309D285B6158005847C6 /* Localize.strings */; };
		022A30A0285B9E7B005847C6 /* Cells+Register.swift in Sources */ = {isa = PBXBuildFile; fileRef = 022A309F285B9E7B005847C6 /* Cells+Register.swift */; };
		022A30A3285BA2E3005847C6 /* ProductTableViewCell.swift in Sources */ = {isa = PBXBuildFile; fileRef = 022A30A2285BA2E3005847C6 /* ProductTableViewCell.swift */; };
		022A30A5285BA445005847C6 /* Style+Label.swift in Sources */ = {isa = PBXBuildFile; fileRef = 022A30A4285BA445005847C6 /* Style+Label.swift */; };
		022A30A8285BA63E005847C6 /* Kingfisher in Frameworks */ = {isa = PBXBuildFile; productRef = 022A30A7285BA63E005847C6 /* Kingfisher */; };
		022A30BD285BB51C005847C6 /* ProductDetailsModule.swift in Sources */ = {isa = PBXBuildFile; fileRef = 022A30B7285BB51C005847C6 /* ProductDetailsModule.swift */; };
		022A30BE285BB51C005847C6 /* ProductDetailsPresenter.swift in Sources */ = {isa = PBXBuildFile; fileRef = 022A30B8285BB51C005847C6 /* ProductDetailsPresenter.swift */; };
		022A30BF285BB51C005847C6 /* ProductDetailsRouter.swift in Sources */ = {isa = PBXBuildFile; fileRef = 022A30B9285BB51C005847C6 /* ProductDetailsRouter.swift */; };
		022A30C0285BB51C005847C6 /* ProductDetailsViewController.swift in Sources */ = {isa = PBXBuildFile; fileRef = 022A30BA285BB51C005847C6 /* ProductDetailsViewController.swift */; };
		022A30C1285BB51C005847C6 /* ProductDetailsAssembly.swift in Sources */ = {isa = PBXBuildFile; fileRef = 022A30BB285BB51C005847C6 /* ProductDetailsAssembly.swift */; };
		022A30C2285BB51C005847C6 /* ProductDetailsInteractor.swift in Sources */ = {isa = PBXBuildFile; fileRef = 022A30BC285BB51C005847C6 /* ProductDetailsInteractor.swift */; };
		022A30C4285BC572005847C6 /* UIView+Draw.swift in Sources */ = {isa = PBXBuildFile; fileRef = 022A30C3285BC572005847C6 /* UIView+Draw.swift */; };
		022A30C7285BC9CA005847C6 /* ProductReviewModel.swift in Sources */ = {isa = PBXBuildFile; fileRef = 022A30C6285BC9CA005847C6 /* ProductReviewModel.swift */; };
		022A30CA285BCA41005847C6 /* RestProductReviewService.swift in Sources */ = {isa = PBXBuildFile; fileRef = 022A30C9285BCA41005847C6 /* RestProductReviewService.swift */; };
		022A30CC285BCA55005847C6 /* ProductReviewService.swift in Sources */ = {isa = PBXBuildFile; fileRef = 022A30CB285BCA55005847C6 /* ProductReviewService.swift */; };
		022A30D0285BCECD005847C6 /* ProductReviewTableViewCell.swift in Sources */ = {isa = PBXBuildFile; fileRef = 022A30CF285BCECD005847C6 /* ProductReviewTableViewCell.swift */; };
		022A30D8285BD943005847C6 /* AddReviewModule.swift in Sources */ = {isa = PBXBuildFile; fileRef = 022A30D2285BD943005847C6 /* AddReviewModule.swift */; };
		022A30D9285BD943005847C6 /* AddReviewPresenter.swift in Sources */ = {isa = PBXBuildFile; fileRef = 022A30D3285BD943005847C6 /* AddReviewPresenter.swift */; };
		022A30DA285BD943005847C6 /* AddReviewRouter.swift in Sources */ = {isa = PBXBuildFile; fileRef = 022A30D4285BD943005847C6 /* AddReviewRouter.swift */; };
		022A30DB285BD943005847C6 /* AddReviewViewController.swift in Sources */ = {isa = PBXBuildFile; fileRef = 022A30D5285BD943005847C6 /* AddReviewViewController.swift */; };
		022A30DC285BD943005847C6 /* AddReviewAssembly.swift in Sources */ = {isa = PBXBuildFile; fileRef = 022A30D6285BD943005847C6 /* AddReviewAssembly.swift */; };
		022A30DD285BD943005847C6 /* AddReviewInteractor.swift in Sources */ = {isa = PBXBuildFile; fileRef = 022A30D7285BD943005847C6 /* AddReviewInteractor.swift */; };
		029688AF2858D68A005510F5 /* AppDelegate.swift in Sources */ = {isa = PBXBuildFile; fileRef = 029688AE2858D68A005510F5 /* AppDelegate.swift */; };
		029688B12858D68A005510F5 /* SceneDelegate.swift in Sources */ = {isa = PBXBuildFile; fileRef = 029688B02858D68A005510F5 /* SceneDelegate.swift */; };
		029688B92858D68A005510F5 /* Adidas.xcdatamodeld in Sources */ = {isa = PBXBuildFile; fileRef = 029688B72858D68A005510F5 /* Adidas.xcdatamodeld */; };
		029688BB2858D68C005510F5 /* Assets.xcassets in Resources */ = {isa = PBXBuildFile; fileRef = 029688BA2858D68C005510F5 /* Assets.xcassets */; };
		029688BE2858D68C005510F5 /* LaunchScreen.storyboard in Resources */ = {isa = PBXBuildFile; fileRef = 029688BC2858D68C005510F5 /* LaunchScreen.storyboard */; };
		029688C92858D68C005510F5 /* AdidasTests.swift in Sources */ = {isa = PBXBuildFile; fileRef = 029688C82858D68C005510F5 /* AdidasTests.swift */; };
		029688D32858D68C005510F5 /* AdidasUITests.swift in Sources */ = {isa = PBXBuildFile; fileRef = 029688D22858D68C005510F5 /* AdidasUITests.swift */; };
		029688D52858D68C005510F5 /* AdidasUITestsLaunchTests.swift in Sources */ = {isa = PBXBuildFile; fileRef = 029688D42858D68C005510F5 /* AdidasUITestsLaunchTests.swift */; };
		02F68BA8285A0CC900D3B4C8 /* Alamofire in Frameworks */ = {isa = PBXBuildFile; productRef = 02F68BA7285A0CC900D3B4C8 /* Alamofire */; };
		02F68BAB285A0D1B00D3B4C8 /* Macaroni in Frameworks */ = {isa = PBXBuildFile; productRef = 02F68BAA285A0D1B00D3B4C8 /* Macaroni */; };
/* End PBXBuildFile section */

/* Begin PBXContainerItemProxy section */
		029688C52858D68C005510F5 /* PBXContainerItemProxy */ = {
			isa = PBXContainerItemProxy;
			containerPortal = 029688A32858D68A005510F5 /* Project object */;
			proxyType = 1;
			remoteGlobalIDString = 029688AA2858D68A005510F5;
			remoteInfo = Adidas;
		};
		029688CF2858D68C005510F5 /* PBXContainerItemProxy */ = {
			isa = PBXContainerItemProxy;
			containerPortal = 029688A32858D68A005510F5 /* Project object */;
			proxyType = 1;
			remoteGlobalIDString = 029688AA2858D68A005510F5;
			remoteInfo = Adidas;
		};
/* End PBXContainerItemProxy section */

/* Begin PBXFileReference section */
		022A3055285A5A96005847C6 /* Style.swift */ = {isa = PBXFileReference; lastKnownFileType = sourcecode.swift; path = Style.swift; sourceTree = "<group>"; };
		022A3058285A5AD7005847C6 /* Applicable.swift */ = {isa = PBXFileReference; lastKnownFileType = sourcecode.swift; path = Applicable.swift; sourceTree = "<group>"; };
		022A305E285A79A9005847C6 /* BaseNavigationController.swift */ = {isa = PBXFileReference; lastKnownFileType = sourcecode.swift; path = BaseNavigationController.swift; sourceTree = "<group>"; };
		022A3061285A7B7C005847C6 /* BaseViewController.swift */ = {isa = PBXFileReference; lastKnownFileType = sourcecode.swift; path = BaseViewController.swift; sourceTree = "<group>"; };
		022A3064285B2F0B005847C6 /* BaseControllerProtocols.swift */ = {isa = PBXFileReference; lastKnownFileType = sourcecode.swift; path = BaseControllerProtocols.swift; sourceTree = "<group>"; };
		022A3067285B331F005847C6 /* NetworkingActivity.swift */ = {isa = PBXFileReference; lastKnownFileType = sourcecode.swift; path = NetworkingActivity.swift; sourceTree = "<group>"; };
		022A306D285B360F005847C6 /* Style+Stack.swift */ = {isa = PBXFileReference; lastKnownFileType = sourcecode.swift; path = "Style+Stack.swift"; sourceTree = "<group>"; };
		022A306F285B3739005847C6 /* NetworkingMessage.swift */ = {isa = PBXFileReference; lastKnownFileType = sourcecode.swift; path = NetworkingMessage.swift; sourceTree = "<group>"; };
		022A3072285B49D2005847C6 /* RestContainer.swift */ = {isa = PBXFileReference; lastKnownFileType = sourcecode.swift; path = RestContainer.swift; sourceTree = "<group>"; };
		022A3075285B4C0D005847C6 /* NetworkRouterProtocol.swift */ = {isa = PBXFileReference; lastKnownFileType = sourcecode.swift; path = NetworkRouterProtocol.swift; sourceTree = "<group>"; };
		022A3077285B4CCE005847C6 /* NetworkSessionProtocol.swift */ = {isa = PBXFileReference; lastKnownFileType = sourcecode.swift; path = NetworkSessionProtocol.swift; sourceTree = "<group>"; };
		022A3079285B4D53005847C6 /* NetworkSession.swift */ = {isa = PBXFileReference; lastKnownFileType = sourcecode.swift; path = NetworkSession.swift; sourceTree = "<group>"; };
		022A307B285B4EFC005847C6 /* NetworkClient.swift */ = {isa = PBXFileReference; lastKnownFileType = sourcecode.swift; path = NetworkClient.swift; sourceTree = "<group>"; };
		022A3080285B58B8005847C6 /* ProductsModule.swift */ = {isa = PBXFileReference; lastKnownFileType = sourcecode.swift; path = ProductsModule.swift; sourceTree = "<group>"; };
		022A3081285B58B8005847C6 /* ProductsPresenter.swift */ = {isa = PBXFileReference; lastKnownFileType = sourcecode.swift; path = ProductsPresenter.swift; sourceTree = "<group>"; };
		022A3082285B58B8005847C6 /* ProductsRouter.swift */ = {isa = PBXFileReference; lastKnownFileType = sourcecode.swift; path = ProductsRouter.swift; sourceTree = "<group>"; };
		022A3083285B58B8005847C6 /* ProductsViewController.swift */ = {isa = PBXFileReference; lastKnownFileType = sourcecode.swift; path = ProductsViewController.swift; sourceTree = "<group>"; };
		022A3084285B58B8005847C6 /* ProductsAssembly.swift */ = {isa = PBXFileReference; lastKnownFileType = sourcecode.swift; path = ProductsAssembly.swift; sourceTree = "<group>"; };
		022A3085285B58B8005847C6 /* ProductsInteractor.swift */ = {isa = PBXFileReference; lastKnownFileType = sourcecode.swift; path = ProductsInteractor.swift; sourceTree = "<group>"; };
		022A308E285B5930005847C6 /* ProductService.swift */ = {isa = PBXFileReference; lastKnownFileType = sourcecode.swift; path = ProductService.swift; sourceTree = "<group>"; };
		022A3091285B59FD005847C6 /* ProductModel.swift */ = {isa = PBXFileReference; lastKnownFileType = sourcecode.swift; path = ProductModel.swift; sourceTree = "<group>"; };
		022A3093285B5B49005847C6 /* RestProductService.swift */ = {isa = PBXFileReference; lastKnownFileType = sourcecode.swift; path = RestProductService.swift; sourceTree = "<group>"; };
		022A3096285B6122005847C6 /* Localizable.swift */ = {isa = PBXFileReference; lastKnownFileType = sourcecode.swift; path = Localizable.swift; sourceTree = "<group>"; };
		022A309C285B6158005847C6 /* en */ = {isa = PBXFileReference; lastKnownFileType = text.plist.strings; name = en; path = en.lproj/Localize.strings; sourceTree = "<group>"; };
		022A309F285B9E7B005847C6 /* Cells+Register.swift */ = {isa = PBXFileReference; lastKnownFileType = sourcecode.swift; path = "Cells+Register.swift"; sourceTree = "<group>"; };
		022A30A2285BA2E3005847C6 /* ProductTableViewCell.swift */ = {isa = PBXFileReference; lastKnownFileType = sourcecode.swift; path = ProductTableViewCell.swift; sourceTree = "<group>"; };
		022A30A4285BA445005847C6 /* Style+Label.swift */ = {isa = PBXFileReference; lastKnownFileType = sourcecode.swift; path = "Style+Label.swift"; sourceTree = "<group>"; };
		022A30B7285BB51C005847C6 /* ProductDetailsModule.swift */ = {isa = PBXFileReference; lastKnownFileType = sourcecode.swift; path = ProductDetailsModule.swift; sourceTree = "<group>"; };
		022A30B8285BB51C005847C6 /* ProductDetailsPresenter.swift */ = {isa = PBXFileReference; lastKnownFileType = sourcecode.swift; path = ProductDetailsPresenter.swift; sourceTree = "<group>"; };
		022A30B9285BB51C005847C6 /* ProductDetailsRouter.swift */ = {isa = PBXFileReference; lastKnownFileType = sourcecode.swift; path = ProductDetailsRouter.swift; sourceTree = "<group>"; };
		022A30BA285BB51C005847C6 /* ProductDetailsViewController.swift */ = {isa = PBXFileReference; lastKnownFileType = sourcecode.swift; path = ProductDetailsViewController.swift; sourceTree = "<group>"; };
		022A30BB285BB51C005847C6 /* ProductDetailsAssembly.swift */ = {isa = PBXFileReference; lastKnownFileType = sourcecode.swift; path = ProductDetailsAssembly.swift; sourceTree = "<group>"; };
		022A30BC285BB51C005847C6 /* ProductDetailsInteractor.swift */ = {isa = PBXFileReference; lastKnownFileType = sourcecode.swift; path = ProductDetailsInteractor.swift; sourceTree = "<group>"; };
		022A30C3285BC572005847C6 /* UIView+Draw.swift */ = {isa = PBXFileReference; lastKnownFileType = sourcecode.swift; path = "UIView+Draw.swift"; sourceTree = "<group>"; };
		022A30C6285BC9CA005847C6 /* ProductReviewModel.swift */ = {isa = PBXFileReference; lastKnownFileType = sourcecode.swift; path = ProductReviewModel.swift; sourceTree = "<group>"; };
		022A30C9285BCA41005847C6 /* RestProductReviewService.swift */ = {isa = PBXFileReference; lastKnownFileType = sourcecode.swift; path = RestProductReviewService.swift; sourceTree = "<group>"; };
		022A30CB285BCA55005847C6 /* ProductReviewService.swift */ = {isa = PBXFileReference; lastKnownFileType = sourcecode.swift; path = ProductReviewService.swift; sourceTree = "<group>"; };
		022A30CF285BCECD005847C6 /* ProductReviewTableViewCell.swift */ = {isa = PBXFileReference; lastKnownFileType = sourcecode.swift; path = ProductReviewTableViewCell.swift; sourceTree = "<group>"; };
		022A30D2285BD943005847C6 /* AddReviewModule.swift */ = {isa = PBXFileReference; lastKnownFileType = sourcecode.swift; path = AddReviewModule.swift; sourceTree = "<group>"; };
		022A30D3285BD943005847C6 /* AddReviewPresenter.swift */ = {isa = PBXFileReference; lastKnownFileType = sourcecode.swift; path = AddReviewPresenter.swift; sourceTree = "<group>"; };
		022A30D4285BD943005847C6 /* AddReviewRouter.swift */ = {isa = PBXFileReference; lastKnownFileType = sourcecode.swift; path = AddReviewRouter.swift; sourceTree = "<group>"; };
		022A30D5285BD943005847C6 /* AddReviewViewController.swift */ = {isa = PBXFileReference; lastKnownFileType = sourcecode.swift; path = AddReviewViewController.swift; sourceTree = "<group>"; };
		022A30D6285BD943005847C6 /* AddReviewAssembly.swift */ = {isa = PBXFileReference; lastKnownFileType = sourcecode.swift; path = AddReviewAssembly.swift; sourceTree = "<group>"; };
		022A30D7285BD943005847C6 /* AddReviewInteractor.swift */ = {isa = PBXFileReference; lastKnownFileType = sourcecode.swift; path = AddReviewInteractor.swift; sourceTree = "<group>"; };
		029688AB2858D68A005510F5 /* Adidas.app */ = {isa = PBXFileReference; explicitFileType = wrapper.application; includeInIndex = 0; path = Adidas.app; sourceTree = BUILT_PRODUCTS_DIR; };
		029688AE2858D68A005510F5 /* AppDelegate.swift */ = {isa = PBXFileReference; lastKnownFileType = sourcecode.swift; path = AppDelegate.swift; sourceTree = "<group>"; };
		029688B02858D68A005510F5 /* SceneDelegate.swift */ = {isa = PBXFileReference; lastKnownFileType = sourcecode.swift; path = SceneDelegate.swift; sourceTree = "<group>"; };
		029688B82858D68A005510F5 /* Adidas.xcdatamodel */ = {isa = PBXFileReference; lastKnownFileType = wrapper.xcdatamodel; path = Adidas.xcdatamodel; sourceTree = "<group>"; };
		029688BA2858D68C005510F5 /* Assets.xcassets */ = {isa = PBXFileReference; lastKnownFileType = folder.assetcatalog; path = Assets.xcassets; sourceTree = "<group>"; };
		029688BD2858D68C005510F5 /* Base */ = {isa = PBXFileReference; lastKnownFileType = file.storyboard; name = Base; path = Base.lproj/LaunchScreen.storyboard; sourceTree = "<group>"; };
		029688BF2858D68C005510F5 /* Info.plist */ = {isa = PBXFileReference; lastKnownFileType = text.plist.xml; path = Info.plist; sourceTree = "<group>"; };
		029688C42858D68C005510F5 /* AdidasTests.xctest */ = {isa = PBXFileReference; explicitFileType = wrapper.cfbundle; includeInIndex = 0; path = AdidasTests.xctest; sourceTree = BUILT_PRODUCTS_DIR; };
		029688C82858D68C005510F5 /* AdidasTests.swift */ = {isa = PBXFileReference; lastKnownFileType = sourcecode.swift; path = AdidasTests.swift; sourceTree = "<group>"; };
		029688CE2858D68C005510F5 /* AdidasUITests.xctest */ = {isa = PBXFileReference; explicitFileType = wrapper.cfbundle; includeInIndex = 0; path = AdidasUITests.xctest; sourceTree = BUILT_PRODUCTS_DIR; };
		029688D22858D68C005510F5 /* AdidasUITests.swift */ = {isa = PBXFileReference; lastKnownFileType = sourcecode.swift; path = AdidasUITests.swift; sourceTree = "<group>"; };
		029688D42858D68C005510F5 /* AdidasUITestsLaunchTests.swift */ = {isa = PBXFileReference; lastKnownFileType = sourcecode.swift; path = AdidasUITestsLaunchTests.swift; sourceTree = "<group>"; };
/* End PBXFileReference section */

/* Begin PBXFrameworksBuildPhase section */
		029688A82858D68A005510F5 /* Frameworks */ = {
			isa = PBXFrameworksBuildPhase;
			buildActionMask = 2147483647;
			files = (
				022A306B285B334B005847C6 /* NVActivityIndicatorView in Frameworks */,
				022A3053285A50FF005847C6 /* SnapKit in Frameworks */,
				02F68BA8285A0CC900D3B4C8 /* Alamofire in Frameworks */,
				02F68BAB285A0D1B00D3B4C8 /* Macaroni in Frameworks */,
				022A30A8285BA63E005847C6 /* Kingfisher in Frameworks */,
			);
			runOnlyForDeploymentPostprocessing = 0;
		};
		029688C12858D68C005510F5 /* Frameworks */ = {
			isa = PBXFrameworksBuildPhase;
			buildActionMask = 2147483647;
			files = (
			);
			runOnlyForDeploymentPostprocessing = 0;
		};
		029688CB2858D68C005510F5 /* Frameworks */ = {
			isa = PBXFrameworksBuildPhase;
			buildActionMask = 2147483647;
			files = (
			);
			runOnlyForDeploymentPostprocessing = 0;
		};
/* End PBXFrameworksBuildPhase section */

/* Begin PBXGroup section */
		022A3054285A5A87005847C6 /* DesignSystem */ = {
			isa = PBXGroup;
			children = (
				022A306C285B3406005847C6 /* StyleElements */,
				022A3057285A5ABC005847C6 /* Applicable */,
				022A3055285A5A96005847C6 /* Style.swift */,
			);
			path = DesignSystem;
			sourceTree = "<group>";
		};
		022A3057285A5ABC005847C6 /* Applicable */ = {
			isa = PBXGroup;
			children = (
				022A3058285A5AD7005847C6 /* Applicable.swift */,
			);
			path = Applicable;
			sourceTree = "<group>";
		};
		022A305A285A77D2005847C6 /* AppDelegate */ = {
			isa = PBXGroup;
			children = (
				029688AE2858D68A005510F5 /* AppDelegate.swift */,
				029688B02858D68A005510F5 /* SceneDelegate.swift */,
			);
			path = AppDelegate;
			sourceTree = "<group>";
		};
		022A305B285A77DF005847C6 /* Common */ = {
			isa = PBXGroup;
			children = (
				022A3063285B2D8D005847C6 /* BaseProtocols */,
				022A305E285A79A9005847C6 /* BaseNavigationController.swift */,
				022A3061285A7B7C005847C6 /* BaseViewController.swift */,
			);
			path = Common;
			sourceTree = "<group>";
		};
		022A3063285B2D8D005847C6 /* BaseProtocols */ = {
			isa = PBXGroup;
			children = (
				022A3064285B2F0B005847C6 /* BaseControllerProtocols.swift */,
			);
			path = BaseProtocols;
			sourceTree = "<group>";
		};
		022A3066285B330A005847C6 /* Networking */ = {
			isa = PBXGroup;
			children = (
				022A308C285B5916005847C6 /* Services */,
				022A307D285B5076005847C6 /* UI */,
				022A3074285B4BEC005847C6 /* Protocols */,
				022A307B285B4EFC005847C6 /* NetworkClient.swift */,
			);
			path = Networking;
			sourceTree = "<group>";
		};
		022A306C285B3406005847C6 /* StyleElements */ = {
			isa = PBXGroup;
			children = (
				022A306D285B360F005847C6 /* Style+Stack.swift */,
				022A30A4285BA445005847C6 /* Style+Label.swift */,
			);
			path = StyleElements;
			sourceTree = "<group>";
		};
		022A3071285B499C005847C6 /* DI */ = {
			isa = PBXGroup;
			children = (
				022A3072285B49D2005847C6 /* RestContainer.swift */,
			);
			path = DI;
			sourceTree = "<group>";
		};
		022A3074285B4BEC005847C6 /* Protocols */ = {
			isa = PBXGroup;
			children = (
				022A3075285B4C0D005847C6 /* NetworkRouterProtocol.swift */,
				022A3077285B4CCE005847C6 /* NetworkSessionProtocol.swift */,
				022A3079285B4D53005847C6 /* NetworkSession.swift */,
			);
			path = Protocols;
			sourceTree = "<group>";
		};
		022A307D285B5076005847C6 /* UI */ = {
			isa = PBXGroup;
			children = (
				022A3067285B331F005847C6 /* NetworkingActivity.swift */,
				022A306F285B3739005847C6 /* NetworkingMessage.swift */,
			);
			path = UI;
			sourceTree = "<group>";
		};
		022A307E285B57B5005847C6 /* Modules */ = {
			isa = PBXGroup;
			children = (
				022A30D1285BD929005847C6 /* AddReview */,
				022A30B6285BB50A005847C6 /* ProductDetails */,
				022A307F285B57ED005847C6 /* Products */,
			);
			path = Modules;
			sourceTree = "<group>";
		};
		022A307F285B57ED005847C6 /* Products */ = {
			isa = PBXGroup;
			children = (
				022A30A1285BA2A6005847C6 /* Cells */,
				022A3090285B59EC005847C6 /* Entity */,
				022A3080285B58B8005847C6 /* ProductsModule.swift */,
				022A3081285B58B8005847C6 /* ProductsPresenter.swift */,
				022A3082285B58B8005847C6 /* ProductsRouter.swift */,
				022A3083285B58B8005847C6 /* ProductsViewController.swift */,
				022A3084285B58B8005847C6 /* ProductsAssembly.swift */,
				022A3085285B58B8005847C6 /* ProductsInteractor.swift */,
			);
			path = Products;
			sourceTree = "<group>";
		};
		022A308C285B5916005847C6 /* Services */ = {
			isa = PBXGroup;
			children = (
				022A30C8285BCA28005847C6 /* ProductReviewService */,
				022A308D285B591E005847C6 /* ProductService */,
			);
			path = Services;
			sourceTree = "<group>";
		};
		022A308D285B591E005847C6 /* ProductService */ = {
			isa = PBXGroup;
			children = (
				022A308E285B5930005847C6 /* ProductService.swift */,
				022A3093285B5B49005847C6 /* RestProductService.swift */,
			);
			path = ProductService;
			sourceTree = "<group>";
		};
		022A3090285B59EC005847C6 /* Entity */ = {
			isa = PBXGroup;
			children = (
				022A3091285B59FD005847C6 /* ProductModel.swift */,
			);
			path = Entity;
			sourceTree = "<group>";
		};
		022A3095285B610F005847C6 /* Localization */ = {
			isa = PBXGroup;
			children = (
				022A3098285B6134005847C6 /* LocalizedStrings */,
				022A3096285B6122005847C6 /* Localizable.swift */,
			);
			path = Localization;
			sourceTree = "<group>";
		};
		022A3098285B6134005847C6 /* LocalizedStrings */ = {
			isa = PBXGroup;
			children = (
				022A309D285B6158005847C6 /* Localize.strings */,
			);
			path = LocalizedStrings;
			sourceTree = "<group>";
		};
		022A309E285B9E60005847C6 /* Extensions */ = {
			isa = PBXGroup;
			children = (
				022A309F285B9E7B005847C6 /* Cells+Register.swift */,
				022A30C3285BC572005847C6 /* UIView+Draw.swift */,
			);
			path = Extensions;
			sourceTree = "<group>";
		};
		022A30A1285BA2A6005847C6 /* Cells */ = {
			isa = PBXGroup;
			children = (
				022A30A2285BA2E3005847C6 /* ProductTableViewCell.swift */,
			);
			path = Cells;
			sourceTree = "<group>";
		};
		022A30B6285BB50A005847C6 /* ProductDetails */ = {
			isa = PBXGroup;
			children = (
				022A30CD285BCEB2005847C6 /* Cells */,
				022A30C5285BC9A1005847C6 /* Entity */,
				022A30B7285BB51C005847C6 /* ProductDetailsModule.swift */,
				022A30B8285BB51C005847C6 /* ProductDetailsPresenter.swift */,
				022A30B9285BB51C005847C6 /* ProductDetailsRouter.swift */,
				022A30BA285BB51C005847C6 /* ProductDetailsViewController.swift */,
				022A30BB285BB51C005847C6 /* ProductDetailsAssembly.swift */,
				022A30BC285BB51C005847C6 /* ProductDetailsInteractor.swift */,
			);
			path = ProductDetails;
			sourceTree = "<group>";
		};
		022A30C5285BC9A1005847C6 /* Entity */ = {
			isa = PBXGroup;
			children = (
				022A30C6285BC9CA005847C6 /* ProductReviewModel.swift */,
			);
			path = Entity;
			sourceTree = "<group>";
		};
		022A30C8285BCA28005847C6 /* ProductReviewService */ = {
			isa = PBXGroup;
			children = (
				022A30CB285BCA55005847C6 /* ProductReviewService.swift */,
				022A30C9285BCA41005847C6 /* RestProductReviewService.swift */,
			);
			path = ProductReviewService;
			sourceTree = "<group>";
		};
		022A30CD285BCEB2005847C6 /* Cells */ = {
			isa = PBXGroup;
			children = (
				022A30CF285BCECD005847C6 /* ProductReviewTableViewCell.swift */,
			);
			path = Cells;
			sourceTree = "<group>";
		};
		022A30D1285BD929005847C6 /* AddReview */ = {
			isa = PBXGroup;
			children = (
				022A30D2285BD943005847C6 /* AddReviewModule.swift */,
				022A30D3285BD943005847C6 /* AddReviewPresenter.swift */,
				022A30D4285BD943005847C6 /* AddReviewRouter.swift */,
				022A30D5285BD943005847C6 /* AddReviewViewController.swift */,
				022A30D6285BD943005847C6 /* AddReviewAssembly.swift */,
				022A30D7285BD943005847C6 /* AddReviewInteractor.swift */,
			);
			path = AddReview;
			sourceTree = "<group>";
		};
		029688A22858D68A005510F5 = {
			isa = PBXGroup;
			children = (
				029688AD2858D68A005510F5 /* Adidas */,
				029688C72858D68C005510F5 /* AdidasTests */,
				029688D12858D68C005510F5 /* AdidasUITests */,
				029688AC2858D68A005510F5 /* Products */,
			);
			sourceTree = "<group>";
		};
		029688AC2858D68A005510F5 /* Products */ = {
			isa = PBXGroup;
			children = (
				029688AB2858D68A005510F5 /* Adidas.app */,
				029688C42858D68C005510F5 /* AdidasTests.xctest */,
				029688CE2858D68C005510F5 /* AdidasUITests.xctest */,
			);
			name = Products;
			sourceTree = "<group>";
		};
		029688AD2858D68A005510F5 /* Adidas */ = {
			isa = PBXGroup;
			children = (
				022A309E285B9E60005847C6 /* Extensions */,
				022A3095285B610F005847C6 /* Localization */,
				022A307E285B57B5005847C6 /* Modules */,
				022A3071285B499C005847C6 /* DI */,
				022A3066285B330A005847C6 /* Networking */,
				022A305B285A77DF005847C6 /* Common */,
				022A305A285A77D2005847C6 /* AppDelegate */,
				022A3054285A5A87005847C6 /* DesignSystem */,
				029688BA2858D68C005510F5 /* Assets.xcassets */,
				029688BC2858D68C005510F5 /* LaunchScreen.storyboard */,
				029688BF2858D68C005510F5 /* Info.plist */,
				029688B72858D68A005510F5 /* Adidas.xcdatamodeld */,
			);
			path = Adidas;
			sourceTree = "<group>";
		};
		029688C72858D68C005510F5 /* AdidasTests */ = {
			isa = PBXGroup;
			children = (
				029688C82858D68C005510F5 /* AdidasTests.swift */,
			);
			path = AdidasTests;
			sourceTree = "<group>";
		};
		029688D12858D68C005510F5 /* AdidasUITests */ = {
			isa = PBXGroup;
			children = (
				029688D22858D68C005510F5 /* AdidasUITests.swift */,
				029688D42858D68C005510F5 /* AdidasUITestsLaunchTests.swift */,
			);
			path = AdidasUITests;
			sourceTree = "<group>";
		};
/* End PBXGroup section */

/* Begin PBXNativeTarget section */
		029688AA2858D68A005510F5 /* Adidas */ = {
			isa = PBXNativeTarget;
			buildConfigurationList = 029688D82858D68C005510F5 /* Build configuration list for PBXNativeTarget "Adidas" */;
			buildPhases = (
				029688A72858D68A005510F5 /* Sources */,
				029688A82858D68A005510F5 /* Frameworks */,
				029688A92858D68A005510F5 /* Resources */,
			);
			buildRules = (
			);
			dependencies = (
			);
			name = Adidas;
			packageProductDependencies = (
				02F68BA7285A0CC900D3B4C8 /* Alamofire */,
				02F68BAA285A0D1B00D3B4C8 /* Macaroni */,
				022A3052285A50FF005847C6 /* SnapKit */,
				022A306A285B334B005847C6 /* NVActivityIndicatorView */,
				022A30A7285BA63E005847C6 /* Kingfisher */,
			);
			productName = Adidas;
			productReference = 029688AB2858D68A005510F5 /* Adidas.app */;
			productType = "com.apple.product-type.application";
		};
		029688C32858D68C005510F5 /* AdidasTests */ = {
			isa = PBXNativeTarget;
			buildConfigurationList = 029688DB2858D68C005510F5 /* Build configuration list for PBXNativeTarget "AdidasTests" */;
			buildPhases = (
				029688C02858D68C005510F5 /* Sources */,
				029688C12858D68C005510F5 /* Frameworks */,
				029688C22858D68C005510F5 /* Resources */,
			);
			buildRules = (
			);
			dependencies = (
				029688C62858D68C005510F5 /* PBXTargetDependency */,
			);
			name = AdidasTests;
			productName = AdidasTests;
			productReference = 029688C42858D68C005510F5 /* AdidasTests.xctest */;
			productType = "com.apple.product-type.bundle.unit-test";
		};
		029688CD2858D68C005510F5 /* AdidasUITests */ = {
			isa = PBXNativeTarget;
			buildConfigurationList = 029688DE2858D68C005510F5 /* Build configuration list for PBXNativeTarget "AdidasUITests" */;
			buildPhases = (
				029688CA2858D68C005510F5 /* Sources */,
				029688CB2858D68C005510F5 /* Frameworks */,
				029688CC2858D68C005510F5 /* Resources */,
			);
			buildRules = (
			);
			dependencies = (
				029688D02858D68C005510F5 /* PBXTargetDependency */,
			);
			name = AdidasUITests;
			productName = AdidasUITests;
			productReference = 029688CE2858D68C005510F5 /* AdidasUITests.xctest */;
			productType = "com.apple.product-type.bundle.ui-testing";
		};
/* End PBXNativeTarget section */

/* Begin PBXProject section */
		029688A32858D68A005510F5 /* Project object */ = {
			isa = PBXProject;
			attributes = {
				BuildIndependentTargetsInParallel = 1;
				LastSwiftUpdateCheck = 1320;
				LastUpgradeCheck = 1320;
				TargetAttributes = {
					029688AA2858D68A005510F5 = {
						CreatedOnToolsVersion = 13.2.1;
					};
					029688C32858D68C005510F5 = {
						CreatedOnToolsVersion = 13.2.1;
						TestTargetID = 029688AA2858D68A005510F5;
					};
					029688CD2858D68C005510F5 = {
						CreatedOnToolsVersion = 13.2.1;
						TestTargetID = 029688AA2858D68A005510F5;
					};
				};
			};
			buildConfigurationList = 029688A62858D68A005510F5 /* Build configuration list for PBXProject "Adidas" */;
			compatibilityVersion = "Xcode 13.0";
			developmentRegion = en;
			hasScannedForEncodings = 0;
			knownRegions = (
				en,
				Base,
			);
			mainGroup = 029688A22858D68A005510F5;
			packageReferences = (
				02F68BA6285A0CC900D3B4C8 /* XCRemoteSwiftPackageReference "Alamofire" */,
				02F68BA9285A0D1B00D3B4C8 /* XCRemoteSwiftPackageReference "Macaroni" */,
				022A3051285A50FF005847C6 /* XCRemoteSwiftPackageReference "SnapKit" */,
				022A3069285B334B005847C6 /* XCRemoteSwiftPackageReference "NVActivityIndicatorView" */,
				022A30A6285BA63E005847C6 /* XCRemoteSwiftPackageReference "Kingfisher" */,
			);
			productRefGroup = 029688AC2858D68A005510F5 /* Products */;
			projectDirPath = "";
			projectRoot = "";
			targets = (
				029688AA2858D68A005510F5 /* Adidas */,
				029688C32858D68C005510F5 /* AdidasTests */,
				029688CD2858D68C005510F5 /* AdidasUITests */,
			);
		};
/* End PBXProject section */

/* Begin PBXResourcesBuildPhase section */
		029688A92858D68A005510F5 /* Resources */ = {
			isa = PBXResourcesBuildPhase;
			buildActionMask = 2147483647;
			files = (
				029688BE2858D68C005510F5 /* LaunchScreen.storyboard in Resources */,
				029688BB2858D68C005510F5 /* Assets.xcassets in Resources */,
				022A309B285B6158005847C6 /* Localize.strings in Resources */,
			);
			runOnlyForDeploymentPostprocessing = 0;
		};
		029688C22858D68C005510F5 /* Resources */ = {
			isa = PBXResourcesBuildPhase;
			buildActionMask = 2147483647;
			files = (
			);
			runOnlyForDeploymentPostprocessing = 0;
		};
		029688CC2858D68C005510F5 /* Resources */ = {
			isa = PBXResourcesBuildPhase;
			buildActionMask = 2147483647;
			files = (
			);
			runOnlyForDeploymentPostprocessing = 0;
		};
/* End PBXResourcesBuildPhase section */

/* Begin PBXSourcesBuildPhase section */
		029688A72858D68A005510F5 /* Sources */ = {
			isa = PBXSourcesBuildPhase;
			buildActionMask = 2147483647;
			files = (
				022A3088285B58B8005847C6 /* ProductsRouter.swift in Sources */,
				022A308B285B58B8005847C6 /* ProductsInteractor.swift in Sources */,
				022A30DC285BD943005847C6 /* AddReviewAssembly.swift in Sources */,
				022A30DB285BD943005847C6 /* AddReviewViewController.swift in Sources */,
				022A305F285A79A9005847C6 /* BaseNavigationController.swift in Sources */,
				022A308A285B58B8005847C6 /* ProductsAssembly.swift in Sources */,
				022A30D8285BD943005847C6 /* AddReviewModule.swift in Sources */,
				022A3078285B4CCE005847C6 /* NetworkSessionProtocol.swift in Sources */,
				022A30DA285BD943005847C6 /* AddReviewRouter.swift in Sources */,
				022A30D9285BD943005847C6 /* AddReviewPresenter.swift in Sources */,
				022A30DD285BD943005847C6 /* AddReviewInteractor.swift in Sources */,
				029688B92858D68A005510F5 /* Adidas.xcdatamodeld in Sources */,
				022A30C4285BC572005847C6 /* UIView+Draw.swift in Sources */,
				022A30CA285BCA41005847C6 /* RestProductReviewService.swift in Sources */,
				022A3097285B6122005847C6 /* Localizable.swift in Sources */,
				022A3059285A5AD7005847C6 /* Applicable.swift in Sources */,
				022A3086285B58B8005847C6 /* ProductsModule.swift in Sources */,
				022A30A3285BA2E3005847C6 /* ProductTableViewCell.swift in Sources */,
				022A3068285B331F005847C6 /* NetworkingActivity.swift in Sources */,
				022A3073285B49D2005847C6 /* RestContainer.swift in Sources */,
				022A30BE285BB51C005847C6 /* ProductDetailsPresenter.swift in Sources */,
				022A3089285B58B8005847C6 /* ProductsViewController.swift in Sources */,
				022A30A5285BA445005847C6 /* Style+Label.swift in Sources */,
				029688AF2858D68A005510F5 /* AppDelegate.swift in Sources */,
				022A3094285B5B49005847C6 /* RestProductService.swift in Sources */,
				022A30A0285B9E7B005847C6 /* Cells+Register.swift in Sources */,
				022A307C285B4EFC005847C6 /* NetworkClient.swift in Sources */,
				022A3076285B4C0D005847C6 /* NetworkRouterProtocol.swift in Sources */,
				022A3062285A7B7C005847C6 /* BaseViewController.swift in Sources */,
				022A3065285B2F0B005847C6 /* BaseControllerProtocols.swift in Sources */,
				022A308F285B5930005847C6 /* ProductService.swift in Sources */,
				022A30BD285BB51C005847C6 /* ProductDetailsModule.swift in Sources */,
				022A30C7285BC9CA005847C6 /* ProductReviewModel.swift in Sources */,
				022A30C2285BB51C005847C6 /* ProductDetailsInteractor.swift in Sources */,
				022A30C1285BB51C005847C6 /* ProductDetailsAssembly.swift in Sources */,
				022A30C0285BB51C005847C6 /* ProductDetailsViewController.swift in Sources */,
				029688B12858D68A005510F5 /* SceneDelegate.swift in Sources */,
				022A30CC285BCA55005847C6 /* ProductReviewService.swift in Sources */,
				022A3092285B59FD005847C6 /* ProductModel.swift in Sources */,
				022A3056285A5A96005847C6 /* Style.swift in Sources */,
				022A30D0285BCECD005847C6 /* ProductReviewTableViewCell.swift in Sources */,
				022A3087285B58B8005847C6 /* ProductsPresenter.swift in Sources */,
				022A307A285B4D53005847C6 /* NetworkSession.swift in Sources */,
				022A30BF285BB51C005847C6 /* ProductDetailsRouter.swift in Sources */,
				022A306E285B360F005847C6 /* Style+Stack.swift in Sources */,
				022A3070285B3739005847C6 /* NetworkingMessage.swift in Sources */,
			);
			runOnlyForDeploymentPostprocessing = 0;
		};
		029688C02858D68C005510F5 /* Sources */ = {
			isa = PBXSourcesBuildPhase;
			buildActionMask = 2147483647;
			files = (
				029688C92858D68C005510F5 /* AdidasTests.swift in Sources */,
			);
			runOnlyForDeploymentPostprocessing = 0;
		};
		029688CA2858D68C005510F5 /* Sources */ = {
			isa = PBXSourcesBuildPhase;
			buildActionMask = 2147483647;
			files = (
				029688D52858D68C005510F5 /* AdidasUITestsLaunchTests.swift in Sources */,
				029688D32858D68C005510F5 /* AdidasUITests.swift in Sources */,
			);
			runOnlyForDeploymentPostprocessing = 0;
		};
/* End PBXSourcesBuildPhase section */

/* Begin PBXTargetDependency section */
		029688C62858D68C005510F5 /* PBXTargetDependency */ = {
			isa = PBXTargetDependency;
			target = 029688AA2858D68A005510F5 /* Adidas */;
			targetProxy = 029688C52858D68C005510F5 /* PBXContainerItemProxy */;
		};
		029688D02858D68C005510F5 /* PBXTargetDependency */ = {
			isa = PBXTargetDependency;
			target = 029688AA2858D68A005510F5 /* Adidas */;
			targetProxy = 029688CF2858D68C005510F5 /* PBXContainerItemProxy */;
		};
/* End PBXTargetDependency section */

/* Begin PBXVariantGroup section */
		022A309D285B6158005847C6 /* Localize.strings */ = {
			isa = PBXVariantGroup;
			children = (
				022A309C285B6158005847C6 /* en */,
			);
			name = Localize.strings;
			sourceTree = "<group>";
		};
		029688BC2858D68C005510F5 /* LaunchScreen.storyboard */ = {
			isa = PBXVariantGroup;
			children = (
				029688BD2858D68C005510F5 /* Base */,
			);
			name = LaunchScreen.storyboard;
			sourceTree = "<group>";
		};
/* End PBXVariantGroup section */

/* Begin XCBuildConfiguration section */
		029688D62858D68C005510F5 /* Debug */ = {
			isa = XCBuildConfiguration;
			buildSettings = {
				ALWAYS_SEARCH_USER_PATHS = NO;
				CLANG_ANALYZER_NONNULL = YES;
				CLANG_ANALYZER_NUMBER_OBJECT_CONVERSION = YES_AGGRESSIVE;
				CLANG_CXX_LANGUAGE_STANDARD = "gnu++17";
				CLANG_CXX_LIBRARY = "libc++";
				CLANG_ENABLE_MODULES = YES;
				CLANG_ENABLE_OBJC_ARC = YES;
				CLANG_ENABLE_OBJC_WEAK = YES;
				CLANG_WARN_BLOCK_CAPTURE_AUTORELEASING = YES;
				CLANG_WARN_BOOL_CONVERSION = YES;
				CLANG_WARN_COMMA = YES;
				CLANG_WARN_CONSTANT_CONVERSION = YES;
				CLANG_WARN_DEPRECATED_OBJC_IMPLEMENTATIONS = YES;
				CLANG_WARN_DIRECT_OBJC_ISA_USAGE = YES_ERROR;
				CLANG_WARN_DOCUMENTATION_COMMENTS = YES;
				CLANG_WARN_EMPTY_BODY = YES;
				CLANG_WARN_ENUM_CONVERSION = YES;
				CLANG_WARN_INFINITE_RECURSION = YES;
				CLANG_WARN_INT_CONVERSION = YES;
				CLANG_WARN_NON_LITERAL_NULL_CONVERSION = YES;
				CLANG_WARN_OBJC_IMPLICIT_RETAIN_SELF = YES;
				CLANG_WARN_OBJC_LITERAL_CONVERSION = YES;
				CLANG_WARN_OBJC_ROOT_CLASS = YES_ERROR;
				CLANG_WARN_QUOTED_INCLUDE_IN_FRAMEWORK_HEADER = YES;
				CLANG_WARN_RANGE_LOOP_ANALYSIS = YES;
				CLANG_WARN_STRICT_PROTOTYPES = YES;
				CLANG_WARN_SUSPICIOUS_MOVE = YES;
				CLANG_WARN_UNGUARDED_AVAILABILITY = YES_AGGRESSIVE;
				CLANG_WARN_UNREACHABLE_CODE = YES;
				CLANG_WARN__DUPLICATE_METHOD_MATCH = YES;
				COPY_PHASE_STRIP = NO;
				DEBUG_INFORMATION_FORMAT = dwarf;
				ENABLE_STRICT_OBJC_MSGSEND = YES;
				ENABLE_TESTABILITY = YES;
				GCC_C_LANGUAGE_STANDARD = gnu11;
				GCC_DYNAMIC_NO_PIC = NO;
				GCC_NO_COMMON_BLOCKS = YES;
				GCC_OPTIMIZATION_LEVEL = 0;
				GCC_PREPROCESSOR_DEFINITIONS = (
					"DEBUG=1",
					"$(inherited)",
				);
				GCC_WARN_64_TO_32_BIT_CONVERSION = YES;
				GCC_WARN_ABOUT_RETURN_TYPE = YES_ERROR;
				GCC_WARN_UNDECLARED_SELECTOR = YES;
				GCC_WARN_UNINITIALIZED_AUTOS = YES_AGGRESSIVE;
				GCC_WARN_UNUSED_FUNCTION = YES;
				GCC_WARN_UNUSED_VARIABLE = YES;
				IPHONEOS_DEPLOYMENT_TARGET = 15.2;
				MTL_ENABLE_DEBUG_INFO = INCLUDE_SOURCE;
				MTL_FAST_MATH = YES;
				ONLY_ACTIVE_ARCH = YES;
				SDKROOT = iphoneos;
				SWIFT_ACTIVE_COMPILATION_CONDITIONS = DEBUG;
				SWIFT_OPTIMIZATION_LEVEL = "-Onone";
			};
			name = Debug;
		};
		029688D72858D68C005510F5 /* Release */ = {
			isa = XCBuildConfiguration;
			buildSettings = {
				ALWAYS_SEARCH_USER_PATHS = NO;
				CLANG_ANALYZER_NONNULL = YES;
				CLANG_ANALYZER_NUMBER_OBJECT_CONVERSION = YES_AGGRESSIVE;
				CLANG_CXX_LANGUAGE_STANDARD = "gnu++17";
				CLANG_CXX_LIBRARY = "libc++";
				CLANG_ENABLE_MODULES = YES;
				CLANG_ENABLE_OBJC_ARC = YES;
				CLANG_ENABLE_OBJC_WEAK = YES;
				CLANG_WARN_BLOCK_CAPTURE_AUTORELEASING = YES;
				CLANG_WARN_BOOL_CONVERSION = YES;
				CLANG_WARN_COMMA = YES;
				CLANG_WARN_CONSTANT_CONVERSION = YES;
				CLANG_WARN_DEPRECATED_OBJC_IMPLEMENTATIONS = YES;
				CLANG_WARN_DIRECT_OBJC_ISA_USAGE = YES_ERROR;
				CLANG_WARN_DOCUMENTATION_COMMENTS = YES;
				CLANG_WARN_EMPTY_BODY = YES;
				CLANG_WARN_ENUM_CONVERSION = YES;
				CLANG_WARN_INFINITE_RECURSION = YES;
				CLANG_WARN_INT_CONVERSION = YES;
				CLANG_WARN_NON_LITERAL_NULL_CONVERSION = YES;
				CLANG_WARN_OBJC_IMPLICIT_RETAIN_SELF = YES;
				CLANG_WARN_OBJC_LITERAL_CONVERSION = YES;
				CLANG_WARN_OBJC_ROOT_CLASS = YES_ERROR;
				CLANG_WARN_QUOTED_INCLUDE_IN_FRAMEWORK_HEADER = YES;
				CLANG_WARN_RANGE_LOOP_ANALYSIS = YES;
				CLANG_WARN_STRICT_PROTOTYPES = YES;
				CLANG_WARN_SUSPICIOUS_MOVE = YES;
				CLANG_WARN_UNGUARDED_AVAILABILITY = YES_AGGRESSIVE;
				CLANG_WARN_UNREACHABLE_CODE = YES;
				CLANG_WARN__DUPLICATE_METHOD_MATCH = YES;
				COPY_PHASE_STRIP = NO;
				DEBUG_INFORMATION_FORMAT = "dwarf-with-dsym";
				ENABLE_NS_ASSERTIONS = NO;
				ENABLE_STRICT_OBJC_MSGSEND = YES;
				GCC_C_LANGUAGE_STANDARD = gnu11;
				GCC_NO_COMMON_BLOCKS = YES;
				GCC_WARN_64_TO_32_BIT_CONVERSION = YES;
				GCC_WARN_ABOUT_RETURN_TYPE = YES_ERROR;
				GCC_WARN_UNDECLARED_SELECTOR = YES;
				GCC_WARN_UNINITIALIZED_AUTOS = YES_AGGRESSIVE;
				GCC_WARN_UNUSED_FUNCTION = YES;
				GCC_WARN_UNUSED_VARIABLE = YES;
				IPHONEOS_DEPLOYMENT_TARGET = 15.2;
				MTL_ENABLE_DEBUG_INFO = NO;
				MTL_FAST_MATH = YES;
				SDKROOT = iphoneos;
				SWIFT_COMPILATION_MODE = wholemodule;
				SWIFT_OPTIMIZATION_LEVEL = "-O";
				VALIDATE_PRODUCT = YES;
			};
			name = Release;
		};
		029688D92858D68C005510F5 /* Debug */ = {
			isa = XCBuildConfiguration;
			buildSettings = {
				ASSETCATALOG_COMPILER_APPICON_NAME = AppIcon;
				ASSETCATALOG_COMPILER_GLOBAL_ACCENT_COLOR_NAME = AccentColor;
				CODE_SIGN_STYLE = Automatic;
				CURRENT_PROJECT_VERSION = 1;
				DEVELOPMENT_TEAM = 2HTH4FBG4Z;
				GENERATE_INFOPLIST_FILE = YES;
				INFOPLIST_FILE = Adidas/Info.plist;
				INFOPLIST_KEY_UIApplicationSupportsIndirectInputEvents = YES;
				INFOPLIST_KEY_UILaunchStoryboardName = LaunchScreen;
				INFOPLIST_KEY_UISupportedInterfaceOrientations_iPad = "UIInterfaceOrientationPortrait UIInterfaceOrientationPortraitUpsideDown UIInterfaceOrientationLandscapeLeft UIInterfaceOrientationLandscapeRight";
				INFOPLIST_KEY_UISupportedInterfaceOrientations_iPhone = "UIInterfaceOrientationPortrait UIInterfaceOrientationLandscapeLeft UIInterfaceOrientationLandscapeRight";
				LD_RUNPATH_SEARCH_PATHS = (
					"$(inherited)",
					"@executable_path/Frameworks",
				);
				MARKETING_VERSION = 1.0;
				PRODUCT_BUNDLE_IDENTIFIER = com.test.Adidas;
				PRODUCT_NAME = "$(TARGET_NAME)";
				SWIFT_EMIT_LOC_STRINGS = YES;
				SWIFT_VERSION = 5.0;
				TARGETED_DEVICE_FAMILY = 1;
			};
			name = Debug;
		};
		029688DA2858D68C005510F5 /* Release */ = {
			isa = XCBuildConfiguration;
			buildSettings = {
				ASSETCATALOG_COMPILER_APPICON_NAME = AppIcon;
				ASSETCATALOG_COMPILER_GLOBAL_ACCENT_COLOR_NAME = AccentColor;
				CODE_SIGN_STYLE = Automatic;
				CURRENT_PROJECT_VERSION = 1;
				DEVELOPMENT_TEAM = 2HTH4FBG4Z;
				GENERATE_INFOPLIST_FILE = YES;
				INFOPLIST_FILE = Adidas/Info.plist;
				INFOPLIST_KEY_UIApplicationSupportsIndirectInputEvents = YES;
				INFOPLIST_KEY_UILaunchStoryboardName = LaunchScreen;
				INFOPLIST_KEY_UISupportedInterfaceOrientations_iPad = "UIInterfaceOrientationPortrait UIInterfaceOrientationPortraitUpsideDown UIInterfaceOrientationLandscapeLeft UIInterfaceOrientationLandscapeRight";
				INFOPLIST_KEY_UISupportedInterfaceOrientations_iPhone = "UIInterfaceOrientationPortrait UIInterfaceOrientationLandscapeLeft UIInterfaceOrientationLandscapeRight";
				LD_RUNPATH_SEARCH_PATHS = (
					"$(inherited)",
					"@executable_path/Frameworks",
				);
				MARKETING_VERSION = 1.0;
				PRODUCT_BUNDLE_IDENTIFIER = com.test.Adidas;
				PRODUCT_NAME = "$(TARGET_NAME)";
				SWIFT_EMIT_LOC_STRINGS = YES;
				SWIFT_VERSION = 5.0;
				TARGETED_DEVICE_FAMILY = 1;
			};
			name = Release;
		};
		029688DC2858D68C005510F5 /* Debug */ = {
			isa = XCBuildConfiguration;
			buildSettings = {
				ALWAYS_EMBED_SWIFT_STANDARD_LIBRARIES = YES;
				BUNDLE_LOADER = "$(TEST_HOST)";
				CODE_SIGN_STYLE = Automatic;
				CURRENT_PROJECT_VERSION = 1;
				DEVELOPMENT_TEAM = 2HTH4FBG4Z;
				GENERATE_INFOPLIST_FILE = YES;
				IPHONEOS_DEPLOYMENT_TARGET = 15.2;
				MARKETING_VERSION = 1.0;
				PRODUCT_BUNDLE_IDENTIFIER = com.test.AdidasTests;
				PRODUCT_NAME = "$(TARGET_NAME)";
				SWIFT_EMIT_LOC_STRINGS = NO;
				SWIFT_VERSION = 5.0;
				TARGETED_DEVICE_FAMILY = "1,2";
				TEST_HOST = "$(BUILT_PRODUCTS_DIR)/Adidas.app/Adidas";
			};
			name = Debug;
		};
		029688DD2858D68C005510F5 /* Release */ = {
			isa = XCBuildConfiguration;
			buildSettings = {
				ALWAYS_EMBED_SWIFT_STANDARD_LIBRARIES = YES;
				BUNDLE_LOADER = "$(TEST_HOST)";
				CODE_SIGN_STYLE = Automatic;
				CURRENT_PROJECT_VERSION = 1;
				DEVELOPMENT_TEAM = 2HTH4FBG4Z;
				GENERATE_INFOPLIST_FILE = YES;
				IPHONEOS_DEPLOYMENT_TARGET = 15.2;
				MARKETING_VERSION = 1.0;
				PRODUCT_BUNDLE_IDENTIFIER = com.test.AdidasTests;
				PRODUCT_NAME = "$(TARGET_NAME)";
				SWIFT_EMIT_LOC_STRINGS = NO;
				SWIFT_VERSION = 5.0;
				TARGETED_DEVICE_FAMILY = "1,2";
				TEST_HOST = "$(BUILT_PRODUCTS_DIR)/Adidas.app/Adidas";
			};
			name = Release;
		};
		029688DF2858D68C005510F5 /* Debug */ = {
			isa = XCBuildConfiguration;
			buildSettings = {
				ALWAYS_EMBED_SWIFT_STANDARD_LIBRARIES = YES;
				CODE_SIGN_STYLE = Automatic;
				CURRENT_PROJECT_VERSION = 1;
				DEVELOPMENT_TEAM = 2HTH4FBG4Z;
				GENERATE_INFOPLIST_FILE = YES;
				MARKETING_VERSION = 1.0;
				PRODUCT_BUNDLE_IDENTIFIER = com.test.AdidasUITests;
				PRODUCT_NAME = "$(TARGET_NAME)";
				SWIFT_EMIT_LOC_STRINGS = NO;
				SWIFT_VERSION = 5.0;
				TARGETED_DEVICE_FAMILY = "1,2";
				TEST_TARGET_NAME = Adidas;
			};
			name = Debug;
		};
		029688E02858D68C005510F5 /* Release */ = {
			isa = XCBuildConfiguration;
			buildSettings = {
				ALWAYS_EMBED_SWIFT_STANDARD_LIBRARIES = YES;
				CODE_SIGN_STYLE = Automatic;
				CURRENT_PROJECT_VERSION = 1;
				DEVELOPMENT_TEAM = 2HTH4FBG4Z;
				GENERATE_INFOPLIST_FILE = YES;
				MARKETING_VERSION = 1.0;
				PRODUCT_BUNDLE_IDENTIFIER = com.test.AdidasUITests;
				PRODUCT_NAME = "$(TARGET_NAME)";
				SWIFT_EMIT_LOC_STRINGS = NO;
				SWIFT_VERSION = 5.0;
				TARGETED_DEVICE_FAMILY = "1,2";
				TEST_TARGET_NAME = Adidas;
			};
			name = Release;
		};
/* End XCBuildConfiguration section */

/* Begin XCConfigurationList section */
		029688A62858D68A005510F5 /* Build configuration list for PBXProject "Adidas" */ = {
			isa = XCConfigurationList;
			buildConfigurations = (
				029688D62858D68C005510F5 /* Debug */,
				029688D72858D68C005510F5 /* Release */,
			);
			defaultConfigurationIsVisible = 0;
			defaultConfigurationName = Release;
		};
		029688D82858D68C005510F5 /* Build configuration list for PBXNativeTarget "Adidas" */ = {
			isa = XCConfigurationList;
			buildConfigurations = (
				029688D92858D68C005510F5 /* Debug */,
				029688DA2858D68C005510F5 /* Release */,
			);
			defaultConfigurationIsVisible = 0;
			defaultConfigurationName = Release;
		};
		029688DB2858D68C005510F5 /* Build configuration list for PBXNativeTarget "AdidasTests" */ = {
			isa = XCConfigurationList;
			buildConfigurations = (
				029688DC2858D68C005510F5 /* Debug */,
				029688DD2858D68C005510F5 /* Release */,
			);
			defaultConfigurationIsVisible = 0;
			defaultConfigurationName = Release;
		};
		029688DE2858D68C005510F5 /* Build configuration list for PBXNativeTarget "AdidasUITests" */ = {
			isa = XCConfigurationList;
			buildConfigurations = (
				029688DF2858D68C005510F5 /* Debug */,
				029688E02858D68C005510F5 /* Release */,
			);
			defaultConfigurationIsVisible = 0;
			defaultConfigurationName = Release;
		};
/* End XCConfigurationList section */

/* Begin XCRemoteSwiftPackageReference section */
		022A3051285A50FF005847C6 /* XCRemoteSwiftPackageReference "SnapKit" */ = {
			isa = XCRemoteSwiftPackageReference;
			repositoryURL = "https://github.com/SnapKit/SnapKit.git";
			requirement = {
				kind = upToNextMajorVersion;
				minimumVersion = 5.0.0;
			};
		};
		022A3069285B334B005847C6 /* XCRemoteSwiftPackageReference "NVActivityIndicatorView" */ = {
			isa = XCRemoteSwiftPackageReference;
			repositoryURL = "https://github.com/ninjaprox/NVActivityIndicatorView.git";
			requirement = {
				kind = upToNextMajorVersion;
				minimumVersion = 5.0.0;
			};
		};
		022A30A6285BA63E005847C6 /* XCRemoteSwiftPackageReference "Kingfisher" */ = {
			isa = XCRemoteSwiftPackageReference;
			repositoryURL = "https://github.com/onevcat/Kingfisher.git";
			requirement = {
				kind = upToNextMajorVersion;
				minimumVersion = 7.0.0;
			};
		};
		02F68BA6285A0CC900D3B4C8 /* XCRemoteSwiftPackageReference "Alamofire" */ = {
			isa = XCRemoteSwiftPackageReference;
			repositoryURL = "https://github.com/Alamofire/Alamofire";
			requirement = {
				kind = upToNextMajorVersion;
				minimumVersion = 5.0.0;
			};
		};
		02F68BA9285A0D1B00D3B4C8 /* XCRemoteSwiftPackageReference "Macaroni" */ = {
			isa = XCRemoteSwiftPackageReference;
			repositoryURL = "https://github.com/bealex/Macaroni";
			requirement = {
				kind = upToNextMajorVersion;
				minimumVersion = 2.0.0;
			};
		};
/* End XCRemoteSwiftPackageReference section */

/* Begin XCSwiftPackageProductDependency section */
		022A3052285A50FF005847C6 /* SnapKit */ = {
			isa = XCSwiftPackageProductDependency;
			package = 022A3051285A50FF005847C6 /* XCRemoteSwiftPackageReference "SnapKit" */;
			productName = SnapKit;
		};
		022A306A285B334B005847C6 /* NVActivityIndicatorView */ = {
			isa = XCSwiftPackageProductDependency;
			package = 022A3069285B334B005847C6 /* XCRemoteSwiftPackageReference "NVActivityIndicatorView" */;
			productName = NVActivityIndicatorView;
		};
		022A30A7285BA63E005847C6 /* Kingfisher */ = {
			isa = XCSwiftPackageProductDependency;
			package = 022A30A6285BA63E005847C6 /* XCRemoteSwiftPackageReference "Kingfisher" */;
			productName = Kingfisher;
		};
		02F68BA7285A0CC900D3B4C8 /* Alamofire */ = {
			isa = XCSwiftPackageProductDependency;
			package = 02F68BA6285A0CC900D3B4C8 /* XCRemoteSwiftPackageReference "Alamofire" */;
			productName = Alamofire;
		};
		02F68BAA285A0D1B00D3B4C8 /* Macaroni */ = {
			isa = XCSwiftPackageProductDependency;
			package = 02F68BA9285A0D1B00D3B4C8 /* XCRemoteSwiftPackageReference "Macaroni" */;
			productName = Macaroni;
		};
/* End XCSwiftPackageProductDependency section */

/* Begin XCVersionGroup section */
		029688B72858D68A005510F5 /* Adidas.xcdatamodeld */ = {
			isa = XCVersionGroup;
			children = (
				029688B82858D68A005510F5 /* Adidas.xcdatamodel */,
			);
			currentVersion = 029688B82858D68A005510F5 /* Adidas.xcdatamodel */;
			path = Adidas.xcdatamodeld;
			sourceTree = "<group>";
			versionGroupType = wrapper.xcdatamodel;
		};
/* End XCVersionGroup section */
	};
	rootObject = 029688A32858D68A005510F5 /* Project object */;
}
